
Microsoft Visual Studio Solution File, Format Version 12.00
Project("{FAE04EC0-301F-11D3-BF4B-00C04F79EFBC}") = "HealthHormonesApp.Core", "HealthHormonesApp.Core\HealthHormonesApp.Core.csproj", "{5B001F69-16C5-40B4-934D-71E59A2C355F}"
EndProject
Global
	GlobalSection(SolutionConfigurationPlatforms) = preSolution
		Debug|Any CPU = Debug|Any CPU
		Release|Any CPU = Release|Any CPU
	EndGlobalSection
	GlobalSection(ProjectConfigurationPlatforms) = postSolution
		{5B001F69-16C5-40B4-934D-71E59A2C355F}.Debug|Any CPU.ActiveCfg = Debug|Any CPU
		{5B001F69-16C5-40B4-934D-71E59A2C355F}.Debug|Any CPU.Build.0 = Debug|Any CPU
		{5B001F69-16C5-40B4-934D-71E59A2C355F}.Release|Any CPU.ActiveCfg = Release|Any CPU
		{5B001F69-16C5-40B4-934D-71E59A2C355F}.Release|Any CPU.Build.0 = Release|Any CPU
	EndGlobalSection
EndGlobal
